// !$*UTF8*$!
{
	archiveVersion = 1;
	classes = {
	};
	objectVersion = 50;
	objects = {

/* Begin PBXBuildFile section */
		36421C7B184ACDC3D1F525BE /* Pods_PushoverSender.framework in Frameworks */ = {isa = PBXBuildFile; fileRef = A70AF4AC909D3F750AF40561 /* Pods_PushoverSender.framework */; };
		41164D23213AB8A200A2548E /* SentViewController.xib in Resources */ = {isa = PBXBuildFile; fileRef = 41164D22213AB8A200A2548E /* SentViewController.xib */; };
		41164D25213AB8AF00A2548E /* ScheduledViewController.xib in Resources */ = {isa = PBXBuildFile; fileRef = 41164D24213AB8AF00A2548E /* ScheduledViewController.xib */; };
		41164D27213AB91C00A2548E /* Configurator.swift in Sources */ = {isa = PBXBuildFile; fileRef = 41164D26213AB91C00A2548E /* Configurator.swift */; };
		41164D2A213ABED400A2548E /* R.generated.swift in Sources */ = {isa = PBXBuildFile; fileRef = 41164D29213ABED400A2548E /* R.generated.swift */; };
		41164D2C213AC92A00A2548E /* PushoverNetworkService.swift in Sources */ = {isa = PBXBuildFile; fileRef = 41164D2B213AC92A00A2548E /* PushoverNetworkService.swift */; };
		41692D17213ACF2600752765 /* Message.swift in Sources */ = {isa = PBXBuildFile; fileRef = 41692D16213ACF2600752765 /* Message.swift */; };
		41692D1B213AD26200752765 /* Recipient.swift in Sources */ = {isa = PBXBuildFile; fileRef = 41692D1A213AD26200752765 /* Recipient.swift */; };
		41692D1D213AFA2300752765 /* PushoverAPI.swift in Sources */ = {isa = PBXBuildFile; fileRef = 41692D1C213AFA2300752765 /* PushoverAPI.swift */; };
		41692D1F213B140900752765 /* PushoverError.swift in Sources */ = {isa = PBXBuildFile; fileRef = 41692D1E213B140900752765 /* PushoverError.swift */; };
		41692D21213B1E0500752765 /* MessageResponse.swift in Sources */ = {isa = PBXBuildFile; fileRef = 41692D20213B1E0500752765 /* MessageResponse.swift */; };
		41692D25213B1E2200752765 /* VerificationResponse.swift in Sources */ = {isa = PBXBuildFile; fileRef = 41692D24213B1E2200752765 /* VerificationResponse.swift */; };
		41692D29213B1FEA00752765 /* ErrorResponse.swift in Sources */ = {isa = PBXBuildFile; fileRef = 41692D28213B1FEA00752765 /* ErrorResponse.swift */; };
		41692D2B213B331900752765 /* Array+Extensions.swift in Sources */ = {isa = PBXBuildFile; fileRef = 41692D2A213B331900752765 /* Array+Extensions.swift */; };
		41BC6DD2213A97B800EF6EFA /* AppDelegate.swift in Sources */ = {isa = PBXBuildFile; fileRef = 41BC6DD1213A97B800EF6EFA /* AppDelegate.swift */; };
		41BC6DD4213A97B800EF6EFA /* SentViewController.swift in Sources */ = {isa = PBXBuildFile; fileRef = 41BC6DD3213A97B800EF6EFA /* SentViewController.swift */; };
		41BC6DD9213A97B900EF6EFA /* Assets.xcassets in Resources */ = {isa = PBXBuildFile; fileRef = 41BC6DD8213A97B900EF6EFA /* Assets.xcassets */; };
		41BC6DEB213A98D200EF6EFA /* LaunchScreen.storyboard in Resources */ = {isa = PBXBuildFile; fileRef = 41BC6DE9213A98D200EF6EFA /* LaunchScreen.storyboard */; };
		41BC6DEF213AA39D00EF6EFA /* UIViewController+Extensions.swift in Sources */ = {isa = PBXBuildFile; fileRef = 41BC6DEE213AA39D00EF6EFA /* UIViewController+Extensions.swift */; };
		41BC6DF1213AA3CA00EF6EFA /* Constants.swift in Sources */ = {isa = PBXBuildFile; fileRef = 41BC6DF0213AA3CA00EF6EFA /* Constants.swift */; };
		41BC6DF3213AA4C500EF6EFA /* ScheduledViewController.swift in Sources */ = {isa = PBXBuildFile; fileRef = 41BC6DF2213AA4C500EF6EFA /* ScheduledViewController.swift */; };
		41BC6DF6213AA4D400EF6EFA /* ComposeViewController.swift in Sources */ = {isa = PBXBuildFile; fileRef = 41BC6DF4213AA4D400EF6EFA /* ComposeViewController.swift */; };
		41BC6DF7213AA4D400EF6EFA /* ComposeViewController.xib in Resources */ = {isa = PBXBuildFile; fileRef = 41BC6DF5213AA4D400EF6EFA /* ComposeViewController.xib */; };
		41BC6DFC213AADE900EF6EFA /* AppAssembly.swift in Sources */ = {isa = PBXBuildFile; fileRef = 41BC6DFB213AADE900EF6EFA /* AppAssembly.swift */; };
		41BC6DFF213AAE0900EF6EFA /* Assembly.swift in Sources */ = {isa = PBXBuildFile; fileRef = 41BC6DFE213AAE0900EF6EFA /* Assembly.swift */; };
		41BC6E01213AAE5D00EF6EFA /* Presentable.swift in Sources */ = {isa = PBXBuildFile; fileRef = 41BC6E00213AAE5D00EF6EFA /* Presentable.swift */; };
		41BC6E03213AAEEE00EF6EFA /* NetworkService.swift in Sources */ = {isa = PBXBuildFile; fileRef = 41BC6E02213AAEEE00EF6EFA /* NetworkService.swift */; };
		41BC6E05213AAF0300EF6EFA /* DatabaseService.swift in Sources */ = {isa = PBXBuildFile; fileRef = 41BC6E04213AAF0300EF6EFA /* DatabaseService.swift */; };
		41C4C914213C2124002E3548 /* MessageTextView.swift in Sources */ = {isa = PBXBuildFile; fileRef = 41C4C913213C2124002E3548 /* MessageTextView.swift */; };
/* End PBXBuildFile section */

/* Begin PBXFileReference section */
		01786F4A17AA3E7E9F8DE40A /* Pods-PushoverSender.debug.xcconfig */ = {isa = PBXFileReference; includeInIndex = 1; lastKnownFileType = text.xcconfig; name = "Pods-PushoverSender.debug.xcconfig"; path = "Pods/Target Support Files/Pods-PushoverSender/Pods-PushoverSender.debug.xcconfig"; sourceTree = "<group>"; };
		41164D22213AB8A200A2548E /* SentViewController.xib */ = {isa = PBXFileReference; lastKnownFileType = file.xib; path = SentViewController.xib; sourceTree = "<group>"; };
		41164D24213AB8AF00A2548E /* ScheduledViewController.xib */ = {isa = PBXFileReference; lastKnownFileType = file.xib; path = ScheduledViewController.xib; sourceTree = "<group>"; };
		41164D26213AB91C00A2548E /* Configurator.swift */ = {isa = PBXFileReference; lastKnownFileType = sourcecode.swift; path = Configurator.swift; sourceTree = "<group>"; };
		41164D29213ABED400A2548E /* R.generated.swift */ = {isa = PBXFileReference; fileEncoding = 4; lastKnownFileType = sourcecode.swift; path = R.generated.swift; sourceTree = SOURCE_ROOT; };
		41164D2B213AC92A00A2548E /* PushoverNetworkService.swift */ = {isa = PBXFileReference; lastKnownFileType = sourcecode.swift; path = PushoverNetworkService.swift; sourceTree = "<group>"; };
		41692D16213ACF2600752765 /* Message.swift */ = {isa = PBXFileReference; lastKnownFileType = sourcecode.swift; path = Message.swift; sourceTree = "<group>"; };
		41692D1A213AD26200752765 /* Recipient.swift */ = {isa = PBXFileReference; lastKnownFileType = sourcecode.swift; path = Recipient.swift; sourceTree = "<group>"; };
		41692D1C213AFA2300752765 /* PushoverAPI.swift */ = {isa = PBXFileReference; lastKnownFileType = sourcecode.swift; path = PushoverAPI.swift; sourceTree = "<group>"; };
		41692D1E213B140900752765 /* PushoverError.swift */ = {isa = PBXFileReference; lastKnownFileType = sourcecode.swift; path = PushoverError.swift; sourceTree = "<group>"; };
		41692D20213B1E0500752765 /* MessageResponse.swift */ = {isa = PBXFileReference; lastKnownFileType = sourcecode.swift; path = MessageResponse.swift; sourceTree = "<group>"; };
		41692D24213B1E2200752765 /* VerificationResponse.swift */ = {isa = PBXFileReference; lastKnownFileType = sourcecode.swift; path = VerificationResponse.swift; sourceTree = "<group>"; };
		41692D28213B1FEA00752765 /* ErrorResponse.swift */ = {isa = PBXFileReference; lastKnownFileType = sourcecode.swift; path = ErrorResponse.swift; sourceTree = "<group>"; };
		41692D2A213B331900752765 /* Array+Extensions.swift */ = {isa = PBXFileReference; lastKnownFileType = sourcecode.swift; path = "Array+Extensions.swift"; sourceTree = "<group>"; };
		41BC6DCE213A97B800EF6EFA /* PushoverSender.app */ = {isa = PBXFileReference; explicitFileType = wrapper.application; includeInIndex = 0; path = PushoverSender.app; sourceTree = BUILT_PRODUCTS_DIR; };
		41BC6DD1213A97B800EF6EFA /* AppDelegate.swift */ = {isa = PBXFileReference; lastKnownFileType = sourcecode.swift; path = AppDelegate.swift; sourceTree = "<group>"; };
		41BC6DD3213A97B800EF6EFA /* SentViewController.swift */ = {isa = PBXFileReference; lastKnownFileType = sourcecode.swift; path = SentViewController.swift; sourceTree = "<group>"; };
		41BC6DD8213A97B900EF6EFA /* Assets.xcassets */ = {isa = PBXFileReference; lastKnownFileType = folder.assetcatalog; path = Assets.xcassets; sourceTree = "<group>"; };
		41BC6DDD213A97B900EF6EFA /* Info.plist */ = {isa = PBXFileReference; lastKnownFileType = text.plist.xml; path = Info.plist; sourceTree = "<group>"; };
		41BC6DEA213A98D200EF6EFA /* Base */ = {isa = PBXFileReference; lastKnownFileType = file.storyboard; name = Base; path = Base.lproj/LaunchScreen.storyboard; sourceTree = "<group>"; };
		41BC6DEE213AA39D00EF6EFA /* UIViewController+Extensions.swift */ = {isa = PBXFileReference; lastKnownFileType = sourcecode.swift; path = "UIViewController+Extensions.swift"; sourceTree = "<group>"; };
		41BC6DF0213AA3CA00EF6EFA /* Constants.swift */ = {isa = PBXFileReference; lastKnownFileType = sourcecode.swift; path = Constants.swift; sourceTree = "<group>"; };
		41BC6DF2213AA4C500EF6EFA /* ScheduledViewController.swift */ = {isa = PBXFileReference; lastKnownFileType = sourcecode.swift; path = ScheduledViewController.swift; sourceTree = "<group>"; };
		41BC6DF4213AA4D400EF6EFA /* ComposeViewController.swift */ = {isa = PBXFileReference; lastKnownFileType = sourcecode.swift; path = ComposeViewController.swift; sourceTree = "<group>"; };
		41BC6DF5213AA4D400EF6EFA /* ComposeViewController.xib */ = {isa = PBXFileReference; lastKnownFileType = file.xib; path = ComposeViewController.xib; sourceTree = "<group>"; };
		41BC6DFB213AADE900EF6EFA /* AppAssembly.swift */ = {isa = PBXFileReference; lastKnownFileType = sourcecode.swift; path = AppAssembly.swift; sourceTree = "<group>"; };
		41BC6DFE213AAE0900EF6EFA /* Assembly.swift */ = {isa = PBXFileReference; lastKnownFileType = sourcecode.swift; path = Assembly.swift; sourceTree = "<group>"; };
		41BC6E00213AAE5D00EF6EFA /* Presentable.swift */ = {isa = PBXFileReference; lastKnownFileType = sourcecode.swift; path = Presentable.swift; sourceTree = "<group>"; };
		41BC6E02213AAEEE00EF6EFA /* NetworkService.swift */ = {isa = PBXFileReference; lastKnownFileType = sourcecode.swift; path = NetworkService.swift; sourceTree = "<group>"; };
		41BC6E04213AAF0300EF6EFA /* DatabaseService.swift */ = {isa = PBXFileReference; lastKnownFileType = sourcecode.swift; path = DatabaseService.swift; sourceTree = "<group>"; };
		41C4C913213C2124002E3548 /* MessageTextView.swift */ = {isa = PBXFileReference; lastKnownFileType = sourcecode.swift; path = MessageTextView.swift; sourceTree = "<group>"; };
		69994152363480F94EDF4C07 /* Pods-PushoverSender.release.xcconfig */ = {isa = PBXFileReference; includeInIndex = 1; lastKnownFileType = text.xcconfig; name = "Pods-PushoverSender.release.xcconfig"; path = "Pods/Target Support Files/Pods-PushoverSender/Pods-PushoverSender.release.xcconfig"; sourceTree = "<group>"; };
		A70AF4AC909D3F750AF40561 /* Pods_PushoverSender.framework */ = {isa = PBXFileReference; explicitFileType = wrapper.framework; includeInIndex = 0; path = Pods_PushoverSender.framework; sourceTree = BUILT_PRODUCTS_DIR; };
/* End PBXFileReference section */

/* Begin PBXFrameworksBuildPhase section */
		41BC6DCB213A97B800EF6EFA /* Frameworks */ = {
			isa = PBXFrameworksBuildPhase;
			buildActionMask = 2147483647;
			files = (
				36421C7B184ACDC3D1F525BE /* Pods_PushoverSender.framework in Frameworks */,
			);
			runOnlyForDeploymentPostprocessing = 0;
		};
/* End PBXFrameworksBuildPhase section */

/* Begin PBXGroup section */
		41BC6DC5213A97B800EF6EFA = {
			isa = PBXGroup;
			children = (
				41BC6DD0213A97B800EF6EFA /* PushoverSender */,
				41BC6DCF213A97B800EF6EFA /* Products */,
				9A996BDF27F3B7B4F700D6B1 /* Pods */,
				A3011DFCB55A3CF71758A1EB /* Frameworks */,
			);
			sourceTree = "<group>";
		};
		41BC6DCF213A97B800EF6EFA /* Products */ = {
			isa = PBXGroup;
			children = (
				41BC6DCE213A97B800EF6EFA /* PushoverSender.app */,
			);
			name = Products;
			sourceTree = "<group>";
		};
		41BC6DD0213A97B800EF6EFA /* PushoverSender */ = {
			isa = PBXGroup;
			children = (
				41BC6DFA213AADD100EF6EFA /* Dependency Injection */,
				41BC6DE5213A985500EF6EFA /* Models */,
				41BC6DE6213A985A00EF6EFA /* Views */,
				41BC6DE7213A986200EF6EFA /* Controllers */,
				41BC6DE8213A987C00EF6EFA /* Services */,
				41BC6DFD213AADFD00EF6EFA /* Protocols */,
				41BC6DED213AA38000EF6EFA /* Extensions */,
				41BC6DE3213A980300EF6EFA /* Supporting Files */,
			);
			path = PushoverSender;
			sourceTree = "<group>";
		};
		41BC6DE3213A980300EF6EFA /* Supporting Files */ = {
			isa = PBXGroup;
			children = (
				41BC6DD1213A97B800EF6EFA /* AppDelegate.swift */,
				41BC6DF0213AA3CA00EF6EFA /* Constants.swift */,
				41164D29213ABED400A2548E /* R.generated.swift */,
				41BC6DE9213A98D200EF6EFA /* LaunchScreen.storyboard */,
				41BC6DD8213A97B900EF6EFA /* Assets.xcassets */,
				41BC6DDD213A97B900EF6EFA /* Info.plist */,
			);
			path = "Supporting Files";
			sourceTree = "<group>";
		};
		41BC6DE5213A985500EF6EFA /* Models */ = {
			isa = PBXGroup;
			children = (
				41692D1A213AD26200752765 /* Recipient.swift */,
				41692D16213ACF2600752765 /* Message.swift */,
				41692D20213B1E0500752765 /* MessageResponse.swift */,
				41692D24213B1E2200752765 /* VerificationResponse.swift */,
				41692D28213B1FEA00752765 /* ErrorResponse.swift */,
			);
			path = Models;
			sourceTree = "<group>";
		};
		41BC6DE6213A985A00EF6EFA /* Views */ = {
			isa = PBXGroup;
			children = (
				41C4C913213C2124002E3548 /* MessageTextView.swift */,
			);
			path = Views;
			sourceTree = "<group>";
		};
		41BC6DE7213A986200EF6EFA /* Controllers */ = {
			isa = PBXGroup;
			children = (
				41BC6DD3213A97B800EF6EFA /* SentViewController.swift */,
				41164D22213AB8A200A2548E /* SentViewController.xib */,
				41BC6DF2213AA4C500EF6EFA /* ScheduledViewController.swift */,
				41164D24213AB8AF00A2548E /* ScheduledViewController.xib */,
				41BC6DF4213AA4D400EF6EFA /* ComposeViewController.swift */,
				41BC6DF5213AA4D400EF6EFA /* ComposeViewController.xib */,
			);
			path = Controllers;
			sourceTree = "<group>";
		};
		41BC6DE8213A987C00EF6EFA /* Services */ = {
			isa = PBXGroup;
			children = (
				41692D1C213AFA2300752765 /* PushoverAPI.swift */,
				41164D2B213AC92A00A2548E /* PushoverNetworkService.swift */,
				41692D1E213B140900752765 /* PushoverError.swift */,
			);
			path = Services;
			sourceTree = "<group>";
		};
		41BC6DED213AA38000EF6EFA /* Extensions */ = {
			isa = PBXGroup;
			children = (
				41BC6DEE213AA39D00EF6EFA /* UIViewController+Extensions.swift */,
				41692D2A213B331900752765 /* Array+Extensions.swift */,
			);
			path = Extensions;
			sourceTree = "<group>";
		};
		41BC6DFA213AADD100EF6EFA /* Dependency Injection */ = {
			isa = PBXGroup;
			children = (
				41BC6DFB213AADE900EF6EFA /* AppAssembly.swift */,
				41164D26213AB91C00A2548E /* Configurator.swift */,
			);
			path = "Dependency Injection";
			sourceTree = "<group>";
		};
		41BC6DFD213AADFD00EF6EFA /* Protocols */ = {
			isa = PBXGroup;
			children = (
				41BC6DFE213AAE0900EF6EFA /* Assembly.swift */,
				41BC6E00213AAE5D00EF6EFA /* Presentable.swift */,
				41BC6E02213AAEEE00EF6EFA /* NetworkService.swift */,
				41BC6E04213AAF0300EF6EFA /* DatabaseService.swift */,
			);
			path = Protocols;
			sourceTree = "<group>";
		};
		9A996BDF27F3B7B4F700D6B1 /* Pods */ = {
			isa = PBXGroup;
			children = (
				01786F4A17AA3E7E9F8DE40A /* Pods-PushoverSender.debug.xcconfig */,
				69994152363480F94EDF4C07 /* Pods-PushoverSender.release.xcconfig */,
			);
			name = Pods;
			sourceTree = "<group>";
		};
		A3011DFCB55A3CF71758A1EB /* Frameworks */ = {
			isa = PBXGroup;
			children = (
				A70AF4AC909D3F750AF40561 /* Pods_PushoverSender.framework */,
			);
			name = Frameworks;
			sourceTree = "<group>";
		};
/* End PBXGroup section */

/* Begin PBXNativeTarget section */
		41BC6DCD213A97B800EF6EFA /* PushoverSender */ = {
			isa = PBXNativeTarget;
			buildConfigurationList = 41BC6DE0213A97B900EF6EFA /* Build configuration list for PBXNativeTarget "PushoverSender" */;
			buildPhases = (
				15484924E60758E0F9A6CB16 /* [CP] Check Pods Manifest.lock */,
				41BC6DCA213A97B800EF6EFA /* Sources */,
				41BC6DEC213A990D00EF6EFA /* Run SwiftLint for debug builds */,
				41164D28213ABE8C00A2548E /* R.swift run script */,
				41BC6DCB213A97B800EF6EFA /* Frameworks */,
				41BC6DCC213A97B800EF6EFA /* Resources */,
				9DC7941856A7E5A6B778754B /* [CP] Embed Pods Frameworks */,
			);
			buildRules = (
			);
			dependencies = (
			);
			name = PushoverSender;
			productName = PushoverSender;
			productReference = 41BC6DCE213A97B800EF6EFA /* PushoverSender.app */;
			productType = "com.apple.product-type.application";
		};
/* End PBXNativeTarget section */

/* Begin PBXProject section */
		41BC6DC6213A97B800EF6EFA /* Project object */ = {
			isa = PBXProject;
			attributes = {
				LastSwiftUpdateCheck = 0940;
				LastUpgradeCheck = 0940;
				ORGANIZATIONNAME = m3g0byt3;
				TargetAttributes = {
					41BC6DCD213A97B800EF6EFA = {
						CreatedOnToolsVersion = 9.4.1;
					};
				};
			};
			buildConfigurationList = 41BC6DC9213A97B800EF6EFA /* Build configuration list for PBXProject "PushoverSender" */;
			compatibilityVersion = "Xcode 9.3";
			developmentRegion = en;
			hasScannedForEncodings = 0;
			knownRegions = (
				en,
				Base,
			);
			mainGroup = 41BC6DC5213A97B800EF6EFA;
			productRefGroup = 41BC6DCF213A97B800EF6EFA /* Products */;
			projectDirPath = "";
			projectRoot = "";
			targets = (
				41BC6DCD213A97B800EF6EFA /* PushoverSender */,
			);
		};
/* End PBXProject section */

/* Begin PBXResourcesBuildPhase section */
		41BC6DCC213A97B800EF6EFA /* Resources */ = {
			isa = PBXResourcesBuildPhase;
			buildActionMask = 2147483647;
			files = (
				41164D25213AB8AF00A2548E /* ScheduledViewController.xib in Resources */,
				41164D23213AB8A200A2548E /* SentViewController.xib in Resources */,
				41BC6DEB213A98D200EF6EFA /* LaunchScreen.storyboard in Resources */,
				41BC6DD9213A97B900EF6EFA /* Assets.xcassets in Resources */,
				41BC6DF7213AA4D400EF6EFA /* ComposeViewController.xib in Resources */,
			);
			runOnlyForDeploymentPostprocessing = 0;
		};
/* End PBXResourcesBuildPhase section */

/* Begin PBXShellScriptBuildPhase section */
		15484924E60758E0F9A6CB16 /* [CP] Check Pods Manifest.lock */ = {
			isa = PBXShellScriptBuildPhase;
			buildActionMask = 2147483647;
			files = (
			);
			inputPaths = (
				"${PODS_PODFILE_DIR_PATH}/Podfile.lock",
				"${PODS_ROOT}/Manifest.lock",
			);
			name = "[CP] Check Pods Manifest.lock";
			outputPaths = (
				"$(DERIVED_FILE_DIR)/Pods-PushoverSender-checkManifestLockResult.txt",
			);
			runOnlyForDeploymentPostprocessing = 0;
			shellPath = /bin/sh;
			shellScript = "diff \"${PODS_PODFILE_DIR_PATH}/Podfile.lock\" \"${PODS_ROOT}/Manifest.lock\" > /dev/null\nif [ $? != 0 ] ; then\n    # print error to STDERR\n    echo \"error: The sandbox is not in sync with the Podfile.lock. Run 'pod install' or update your CocoaPods installation.\" >&2\n    exit 1\nfi\n# This output is used by Xcode 'outputs' to avoid re-running this script phase.\necho \"SUCCESS\" > \"${SCRIPT_OUTPUT_FILE_0}\"\n";
			showEnvVarsInLog = 0;
		};
		41164D28213ABE8C00A2548E /* R.swift run script */ = {
			isa = PBXShellScriptBuildPhase;
			buildActionMask = 2147483647;
			files = (
			);
			inputPaths = (
			);
			name = "R.swift run script";
			outputPaths = (
			);
			runOnlyForDeploymentPostprocessing = 0;
			shellPath = /bin/sh;
			shellScript = "\"$PODS_ROOT/R.swift/rswift\" generate \"$SRCROOT\"\n";
		};
		41BC6DEC213A990D00EF6EFA /* Run SwiftLint for debug builds */ = {
			isa = PBXShellScriptBuildPhase;
			buildActionMask = 2147483647;
			files = (
			);
			inputPaths = (
			);
			name = "Run SwiftLint for debug builds";
			outputPaths = (
			);
			runOnlyForDeploymentPostprocessing = 0;
			shellPath = /bin/sh;
			shellScript = "if [ \"${CONFIGURATION}\" = \"Debug\" ]; then\n    if which swiftlint > /dev/null; then\n        swiftlint\n    else\n        echo \"warning: SwiftLint not installed, download from https://github.com/realm/SwiftLint to lint!\"\n    fi\nfi\n";
		};
		9DC7941856A7E5A6B778754B /* [CP] Embed Pods Frameworks */ = {
			isa = PBXShellScriptBuildPhase;
			buildActionMask = 2147483647;
			files = (
			);
			inputPaths = (
				"${SRCROOT}/Pods/Target Support Files/Pods-PushoverSender/Pods-PushoverSender-frameworks.sh",
				"${BUILT_PRODUCTS_DIR}/Alamofire/Alamofire.framework",
				"${BUILT_PRODUCTS_DIR}/Moya/Moya.framework",
				"${BUILT_PRODUCTS_DIR}/R.swift.Library/Rswift.framework",
				"${BUILT_PRODUCTS_DIR}/Result/Result.framework",
				"${BUILT_PRODUCTS_DIR}/SnapKit/SnapKit.framework",
			);
			name = "[CP] Embed Pods Frameworks";
			outputPaths = (
				"${TARGET_BUILD_DIR}/${FRAMEWORKS_FOLDER_PATH}/Alamofire.framework",
				"${TARGET_BUILD_DIR}/${FRAMEWORKS_FOLDER_PATH}/Moya.framework",
				"${TARGET_BUILD_DIR}/${FRAMEWORKS_FOLDER_PATH}/Rswift.framework",
				"${TARGET_BUILD_DIR}/${FRAMEWORKS_FOLDER_PATH}/Result.framework",
				"${TARGET_BUILD_DIR}/${FRAMEWORKS_FOLDER_PATH}/SnapKit.framework",
			);
			runOnlyForDeploymentPostprocessing = 0;
			shellPath = /bin/sh;
			shellScript = "\"${SRCROOT}/Pods/Target Support Files/Pods-PushoverSender/Pods-PushoverSender-frameworks.sh\"\n";
			showEnvVarsInLog = 0;
		};
/* End PBXShellScriptBuildPhase section */

/* Begin PBXSourcesBuildPhase section */
		41BC6DCA213A97B800EF6EFA /* Sources */ = {
			isa = PBXSourcesBuildPhase;
			buildActionMask = 2147483647;
			files = (
				41692D21213B1E0500752765 /* MessageResponse.swift in Sources */,
				41164D27213AB91C00A2548E /* Configurator.swift in Sources */,
				41BC6E03213AAEEE00EF6EFA /* NetworkService.swift in Sources */,
				41692D2B213B331900752765 /* Array+Extensions.swift in Sources */,
				41BC6DD4213A97B800EF6EFA /* SentViewController.swift in Sources */,
				41BC6DFF213AAE0900EF6EFA /* Assembly.swift in Sources */,
				41BC6DEF213AA39D00EF6EFA /* UIViewController+Extensions.swift in Sources */,
				41692D29213B1FEA00752765 /* ErrorResponse.swift in Sources */,
				41BC6DD2213A97B800EF6EFA /* AppDelegate.swift in Sources */,
				41C4C914213C2124002E3548 /* MessageTextView.swift in Sources */,
				41692D1B213AD26200752765 /* Recipient.swift in Sources */,
				41164D2A213ABED400A2548E /* R.generated.swift in Sources */,
				41BC6DF6213AA4D400EF6EFA /* ComposeViewController.swift in Sources */,
				41BC6DF1213AA3CA00EF6EFA /* Constants.swift in Sources */,
				41BC6DFC213AADE900EF6EFA /* AppAssembly.swift in Sources */,
				41692D1D213AFA2300752765 /* PushoverAPI.swift in Sources */,
				41164D2C213AC92A00A2548E /* PushoverNetworkService.swift in Sources */,
				41BC6DF3213AA4C500EF6EFA /* ScheduledViewController.swift in Sources */,
				41692D17213ACF2600752765 /* Message.swift in Sources */,
				41692D1F213B140900752765 /* PushoverError.swift in Sources */,
				41692D25213B1E2200752765 /* VerificationResponse.swift in Sources */,
				41BC6E01213AAE5D00EF6EFA /* Presentable.swift in Sources */,
				41BC6E05213AAF0300EF6EFA /* DatabaseService.swift in Sources */,
			);
			runOnlyForDeploymentPostprocessing = 0;
		};
/* End PBXSourcesBuildPhase section */

/* Begin PBXVariantGroup section */
		41BC6DE9213A98D200EF6EFA /* LaunchScreen.storyboard */ = {
			isa = PBXVariantGroup;
			children = (
				41BC6DEA213A98D200EF6EFA /* Base */,
			);
			name = LaunchScreen.storyboard;
			sourceTree = "<group>";
		};
/* End PBXVariantGroup section */

/* Begin XCBuildConfiguration section */
		41BC6DDE213A97B900EF6EFA /* Debug */ = {
			isa = XCBuildConfiguration;
			buildSettings = {
				ALWAYS_SEARCH_USER_PATHS = NO;
				CLANG_ANALYZER_NONNULL = YES;
				CLANG_ANALYZER_NUMBER_OBJECT_CONVERSION = YES_AGGRESSIVE;
				CLANG_CXX_LANGUAGE_STANDARD = "gnu++14";
				CLANG_CXX_LIBRARY = "libc++";
				CLANG_ENABLE_MODULES = YES;
				CLANG_ENABLE_OBJC_ARC = YES;
				CLANG_ENABLE_OBJC_WEAK = YES;
				CLANG_WARN_BLOCK_CAPTURE_AUTORELEASING = YES;
				CLANG_WARN_BOOL_CONVERSION = YES;
				CLANG_WARN_COMMA = YES;
				CLANG_WARN_CONSTANT_CONVERSION = YES;
				CLANG_WARN_DEPRECATED_OBJC_IMPLEMENTATIONS = YES;
				CLANG_WARN_DIRECT_OBJC_ISA_USAGE = YES_ERROR;
				CLANG_WARN_DOCUMENTATION_COMMENTS = YES;
				CLANG_WARN_EMPTY_BODY = YES;
				CLANG_WARN_ENUM_CONVERSION = YES;
				CLANG_WARN_INFINITE_RECURSION = YES;
				CLANG_WARN_INT_CONVERSION = YES;
				CLANG_WARN_NON_LITERAL_NULL_CONVERSION = YES;
				CLANG_WARN_OBJC_IMPLICIT_RETAIN_SELF = YES;
				CLANG_WARN_OBJC_LITERAL_CONVERSION = YES;
				CLANG_WARN_OBJC_ROOT_CLASS = YES_ERROR;
				CLANG_WARN_RANGE_LOOP_ANALYSIS = YES;
				CLANG_WARN_STRICT_PROTOTYPES = YES;
				CLANG_WARN_SUSPICIOUS_MOVE = YES;
				CLANG_WARN_UNGUARDED_AVAILABILITY = YES_AGGRESSIVE;
				CLANG_WARN_UNREACHABLE_CODE = YES;
				CLANG_WARN__DUPLICATE_METHOD_MATCH = YES;
				CODE_SIGN_IDENTITY = "iPhone Developer";
				COPY_PHASE_STRIP = NO;
				DEBUG_INFORMATION_FORMAT = dwarf;
				ENABLE_STRICT_OBJC_MSGSEND = YES;
				ENABLE_TESTABILITY = YES;
				GCC_C_LANGUAGE_STANDARD = gnu11;
				GCC_DYNAMIC_NO_PIC = NO;
				GCC_NO_COMMON_BLOCKS = YES;
				GCC_OPTIMIZATION_LEVEL = 0;
				GCC_PREPROCESSOR_DEFINITIONS = (
					"DEBUG=1",
					"$(inherited)",
				);
				GCC_WARN_64_TO_32_BIT_CONVERSION = YES;
				GCC_WARN_ABOUT_RETURN_TYPE = YES_ERROR;
				GCC_WARN_UNDECLARED_SELECTOR = YES;
				GCC_WARN_UNINITIALIZED_AUTOS = YES_AGGRESSIVE;
				GCC_WARN_UNUSED_FUNCTION = YES;
				GCC_WARN_UNUSED_VARIABLE = YES;
				IPHONEOS_DEPLOYMENT_TARGET = 10.0;
				MTL_ENABLE_DEBUG_INFO = YES;
				ONLY_ACTIVE_ARCH = YES;
				SDKROOT = iphoneos;
				SWIFT_ACTIVE_COMPILATION_CONDITIONS = DEBUG;
				SWIFT_OPTIMIZATION_LEVEL = "-Onone";
			};
			name = Debug;
		};
		41BC6DDF213A97B900EF6EFA /* Release */ = {
			isa = XCBuildConfiguration;
			buildSettings = {
				ALWAYS_SEARCH_USER_PATHS = NO;
				CLANG_ANALYZER_NONNULL = YES;
				CLANG_ANALYZER_NUMBER_OBJECT_CONVERSION = YES_AGGRESSIVE;
				CLANG_CXX_LANGUAGE_STANDARD = "gnu++14";
				CLANG_CXX_LIBRARY = "libc++";
				CLANG_ENABLE_MODULES = YES;
				CLANG_ENABLE_OBJC_ARC = YES;
				CLANG_ENABLE_OBJC_WEAK = YES;
				CLANG_WARN_BLOCK_CAPTURE_AUTORELEASING = YES;
				CLANG_WARN_BOOL_CONVERSION = YES;
				CLANG_WARN_COMMA = YES;
				CLANG_WARN_CONSTANT_CONVERSION = YES;
				CLANG_WARN_DEPRECATED_OBJC_IMPLEMENTATIONS = YES;
				CLANG_WARN_DIRECT_OBJC_ISA_USAGE = YES_ERROR;
				CLANG_WARN_DOCUMENTATION_COMMENTS = YES;
				CLANG_WARN_EMPTY_BODY = YES;
				CLANG_WARN_ENUM_CONVERSION = YES;
				CLANG_WARN_INFINITE_RECURSION = YES;
				CLANG_WARN_INT_CONVERSION = YES;
				CLANG_WARN_NON_LITERAL_NULL_CONVERSION = YES;
				CLANG_WARN_OBJC_IMPLICIT_RETAIN_SELF = YES;
				CLANG_WARN_OBJC_LITERAL_CONVERSION = YES;
				CLANG_WARN_OBJC_ROOT_CLASS = YES_ERROR;
				CLANG_WARN_RANGE_LOOP_ANALYSIS = YES;
				CLANG_WARN_STRICT_PROTOTYPES = YES;
				CLANG_WARN_SUSPICIOUS_MOVE = YES;
				CLANG_WARN_UNGUARDED_AVAILABILITY = YES_AGGRESSIVE;
				CLANG_WARN_UNREACHABLE_CODE = YES;
				CLANG_WARN__DUPLICATE_METHOD_MATCH = YES;
				CODE_SIGN_IDENTITY = "iPhone Developer";
				COPY_PHASE_STRIP = NO;
				DEBUG_INFORMATION_FORMAT = "dwarf-with-dsym";
				ENABLE_NS_ASSERTIONS = NO;
				ENABLE_STRICT_OBJC_MSGSEND = YES;
				GCC_C_LANGUAGE_STANDARD = gnu11;
				GCC_NO_COMMON_BLOCKS = YES;
				GCC_WARN_64_TO_32_BIT_CONVERSION = YES;
				GCC_WARN_ABOUT_RETURN_TYPE = YES_ERROR;
				GCC_WARN_UNDECLARED_SELECTOR = YES;
				GCC_WARN_UNINITIALIZED_AUTOS = YES_AGGRESSIVE;
				GCC_WARN_UNUSED_FUNCTION = YES;
				GCC_WARN_UNUSED_VARIABLE = YES;
				IPHONEOS_DEPLOYMENT_TARGET = 10.0;
				MTL_ENABLE_DEBUG_INFO = NO;
				SDKROOT = iphoneos;
				SWIFT_COMPILATION_MODE = wholemodule;
				SWIFT_OPTIMIZATION_LEVEL = "-O";
				VALIDATE_PRODUCT = YES;
			};
			name = Release;
		};
		41BC6DE1213A97B900EF6EFA /* Debug */ = {
			isa = XCBuildConfiguration;
			baseConfigurationReference = 01786F4A17AA3E7E9F8DE40A /* Pods-PushoverSender.debug.xcconfig */;
			buildSettings = {
				ASSETCATALOG_COMPILER_APPICON_NAME = AppIcon;
				CODE_SIGN_STYLE = Automatic;
				DEVELOPMENT_TEAM = 49BLJJ9CJU;
				INFOPLIST_FILE = "$(SRCROOT)/PushoverSender/Supporting Files/Info.plist";
				LD_RUNPATH_SEARCH_PATHS = (
					"$(inherited)",
					"@executable_path/Frameworks",
				);
				PRODUCT_BUNDLE_IDENTIFIER = com.m3g0byt3.PushoverSender;
				PRODUCT_NAME = "$(TARGET_NAME)";
				SWIFT_VERSION = 4.0;
				TARGETED_DEVICE_FAMILY = "1,2";
			};
			name = Debug;
		};
		41BC6DE2213A97B900EF6EFA /* Release */ = {
			isa = XCBuildConfiguration;
			baseConfigurationReference = 69994152363480F94EDF4C07 /* Pods-PushoverSender.release.xcconfig */;
			buildSettings = {
				ASSETCATALOG_COMPILER_APPICON_NAME = AppIcon;
				CODE_SIGN_STYLE = Automatic;
				DEVELOPMENT_TEAM = 49BLJJ9CJU;
				INFOPLIST_FILE = "$(SRCROOT)/PushoverSender/Supporting Files/Info.plist";
				LD_RUNPATH_SEARCH_PATHS = (
					"$(inherited)",
					"@executable_path/Frameworks",
				);
				PRODUCT_BUNDLE_IDENTIFIER = com.m3g0byt3.PushoverSender;
				PRODUCT_NAME = "$(TARGET_NAME)";
				SWIFT_VERSION = 4.0;
				TARGETED_DEVICE_FAMILY = "1,2";
			};
			name = Release;
		};
/* End XCBuildConfiguration section */

/* Begin XCConfigurationList section */
		41BC6DC9213A97B800EF6EFA /* Build configuration list for PBXProject "PushoverSender" */ = {
			isa = XCConfigurationList;
			buildConfigurations = (
				41BC6DDE213A97B900EF6EFA /* Debug */,
				41BC6DDF213A97B900EF6EFA /* Release */,
			);
			defaultConfigurationIsVisible = 0;
			defaultConfigurationName = Release;
		};
		41BC6DE0213A97B900EF6EFA /* Build configuration list for PBXNativeTarget "PushoverSender" */ = {
			isa = XCConfigurationList;
			buildConfigurations = (
				41BC6DE1213A97B900EF6EFA /* Debug */,
				41BC6DE2213A97B900EF6EFA /* Release */,
			);
			defaultConfigurationIsVisible = 0;
			defaultConfigurationName = Release;
		};
/* End XCConfigurationList section */
	};
	rootObject = 41BC6DC6213A97B800EF6EFA /* Project object */;
}
